// !$*UTF8*$!
{
	archiveVersion = 1;
	classes = {
	};
	objectVersion = 50;
	objects = {

/* Begin PBXBuildFile section */
		B077EB0426917D8200089303 /* ObserverViewController.swift in Sources */ = {isa = PBXBuildFile; fileRef = B077EB0326917D8200089303 /* ObserverViewController.swift */; };
		B077EB0626917DA000089303 /* ObserverViewController.storyboard in Resources */ = {isa = PBXBuildFile; fileRef = B077EB0526917DA000089303 /* ObserverViewController.storyboard */; };
		B077EB0826917FBD00089303 /* Subject.swift in Sources */ = {isa = PBXBuildFile; fileRef = B077EB0726917FBD00089303 /* Subject.swift */; };
		B077EB0A269180D800089303 /* Observer.swift in Sources */ = {isa = PBXBuildFile; fileRef = B077EB09269180D800089303 /* Observer.swift */; };
		B077EB0E269181ED00089303 /* John.swift in Sources */ = {isa = PBXBuildFile; fileRef = B077EB0D269181ED00089303 /* John.swift */; };
		B077EB102691823F00089303 /* Paul.swift in Sources */ = {isa = PBXBuildFile; fileRef = B077EB0F2691823F00089303 /* Paul.swift */; };
		B077EB132691837D00089303 /* NetfilxSubject.swift in Sources */ = {isa = PBXBuildFile; fileRef = B077EB122691837D00089303 /* NetfilxSubject.swift */; };
		B077EB1726937A3A00089303 /* DecoratorViewController.swift in Sources */ = {isa = PBXBuildFile; fileRef = B077EB1626937A3A00089303 /* DecoratorViewController.swift */; };
		B077EB1926937A5A00089303 /* DecoratorViewController.storyboard in Resources */ = {isa = PBXBuildFile; fileRef = B077EB1826937A5A00089303 /* DecoratorViewController.storyboard */; };
		B077EB1B26948E7B00089303 /* Menu.swift in Sources */ = {isa = PBXBuildFile; fileRef = B077EB1A26948E7B00089303 /* Menu.swift */; };
		B077EB1D26948ECC00089303 /* Ramen.swift in Sources */ = {isa = PBXBuildFile; fileRef = B077EB1C26948ECC00089303 /* Ramen.swift */; };
		B077EB2026948FD600089303 /* Decorator.swift in Sources */ = {isa = PBXBuildFile; fileRef = B077EB1F26948FD600089303 /* Decorator.swift */; };
		B077EB22269492FA00089303 /* SeasonedEgg.swift in Sources */ = {isa = PBXBuildFile; fileRef = B077EB21269492FA00089303 /* SeasonedEgg.swift */; };
		B077EB242694942D00089303 /* Seaweed.swift in Sources */ = {isa = PBXBuildFile; fileRef = B077EB232694942D00089303 /* Seaweed.swift */; };
		B077EB262694947C00089303 /* RoastPork.swift in Sources */ = {isa = PBXBuildFile; fileRef = B077EB252694947C00089303 /* RoastPork.swift */; };
		B0A90A352684DB1E0001BBE8 /* AppDelegate.swift in Sources */ = {isa = PBXBuildFile; fileRef = B0A90A342684DB1E0001BBE8 /* AppDelegate.swift */; };
		B0A90A372684DB1E0001BBE8 /* SceneDelegate.swift in Sources */ = {isa = PBXBuildFile; fileRef = B0A90A362684DB1E0001BBE8 /* SceneDelegate.swift */; };
		B0A90A392684DB1E0001BBE8 /* ViewController.swift in Sources */ = {isa = PBXBuildFile; fileRef = B0A90A382684DB1E0001BBE8 /* ViewController.swift */; };
		B0A90A3C2684DB1E0001BBE8 /* Main.storyboard in Resources */ = {isa = PBXBuildFile; fileRef = B0A90A3A2684DB1E0001BBE8 /* Main.storyboard */; };
		B0A90A3E2684DB210001BBE8 /* Assets.xcassets in Resources */ = {isa = PBXBuildFile; fileRef = B0A90A3D2684DB210001BBE8 /* Assets.xcassets */; };
		B0A90A412684DB210001BBE8 /* LaunchScreen.storyboard in Resources */ = {isa = PBXBuildFile; fileRef = B0A90A3F2684DB210001BBE8 /* LaunchScreen.storyboard */; };
		B0A90A4C2684DB210001BBE8 /* DesignPatternsTests.swift in Sources */ = {isa = PBXBuildFile; fileRef = B0A90A4B2684DB210001BBE8 /* DesignPatternsTests.swift */; };
		B0A90A572684DB210001BBE8 /* DesignPatternsUITests.swift in Sources */ = {isa = PBXBuildFile; fileRef = B0A90A562684DB210001BBE8 /* DesignPatternsUITests.swift */; };
		B0A90A682684DD150001BBE8 /* StrategyViewController.swift in Sources */ = {isa = PBXBuildFile; fileRef = B0A90A672684DD150001BBE8 /* StrategyViewController.swift */; };
		B0A90A6A2684DD7A0001BBE8 /* FlyBehavior.swift in Sources */ = {isa = PBXBuildFile; fileRef = B0A90A692684DD7A0001BBE8 /* FlyBehavior.swift */; };
		B0A90A6D2684DDD30001BBE8 /* FlyNormal.swift in Sources */ = {isa = PBXBuildFile; fileRef = B0A90A6C2684DDD30001BBE8 /* FlyNormal.swift */; };
		B0A90A6F2684DE120001BBE8 /* FlyBalloon.swift in Sources */ = {isa = PBXBuildFile; fileRef = B0A90A6E2684DE120001BBE8 /* FlyBalloon.swift */; };
		B0A90A712684DE8D0001BBE8 /* FlyNoWay.swift in Sources */ = {isa = PBXBuildFile; fileRef = B0A90A702684DE8D0001BBE8 /* FlyNoWay.swift */; };
		B0A90A742684DF690001BBE8 /* Pokemon.swift in Sources */ = {isa = PBXBuildFile; fileRef = B0A90A732684DF690001BBE8 /* Pokemon.swift */; };
		B0A90A762684DF940001BBE8 /* FlyType.swift in Sources */ = {isa = PBXBuildFile; fileRef = B0A90A752684DF940001BBE8 /* FlyType.swift */; };
		B0A90A782684E0D70001BBE8 /* Pikachu.swift in Sources */ = {isa = PBXBuildFile; fileRef = B0A90A772684E0D70001BBE8 /* Pikachu.swift */; };
		B0A90A7A2684E1BD0001BBE8 /* Charizard.swift in Sources */ = {isa = PBXBuildFile; fileRef = B0A90A792684E1BD0001BBE8 /* Charizard.swift */; };
		B0A90A7C2684E5680001BBE8 /* StrategyViewController.storyboard in Resources */ = {isa = PBXBuildFile; fileRef = B0A90A7B2684E5680001BBE8 /* StrategyViewController.storyboard */; };
		B0CAA307269DE6E10088E054 /* SingletonViewController.swift in Sources */ = {isa = PBXBuildFile; fileRef = B0CAA306269DE6E10088E054 /* SingletonViewController.swift */; };
		B0CAA309269DE6F30088E054 /* Singleton2ViewController.swift in Sources */ = {isa = PBXBuildFile; fileRef = B0CAA308269DE6F30088E054 /* Singleton2ViewController.swift */; };
		B0CAA30B269DE7010088E054 /* SingletonViewController.storyboard in Resources */ = {isa = PBXBuildFile; fileRef = B0CAA30A269DE7010088E054 /* SingletonViewController.storyboard */; };
		B0CAA30D269DE74B0088E054 /* Singleton2ViewController.storyboard in Resources */ = {isa = PBXBuildFile; fileRef = B0CAA30C269DE74B0088E054 /* Singleton2ViewController.storyboard */; };
		B0E3AF372695FFA300FE8B73 /* FactoryViewController.swift in Sources */ = {isa = PBXBuildFile; fileRef = B0E3AF362695FFA300FE8B73 /* FactoryViewController.swift */; };
		B0E3AF392695FFB500FE8B73 /* FactoryViewController.storyboard in Resources */ = {isa = PBXBuildFile; fileRef = B0E3AF382695FFB500FE8B73 /* FactoryViewController.storyboard */; };
		B0E3AF3B2697520000FE8B73 /* OkonomiyakiStore.swift in Sources */ = {isa = PBXBuildFile; fileRef = B0E3AF3A2697520000FE8B73 /* OkonomiyakiStore.swift */; };
		B0E3AF3D2697532E00FE8B73 /* Okonomiyaki.swift in Sources */ = {isa = PBXBuildFile; fileRef = B0E3AF3C2697532E00FE8B73 /* Okonomiyaki.swift */; };
		B0E3AF3F2697535B00FE8B73 /* Topping.swift in Sources */ = {isa = PBXBuildFile; fileRef = B0E3AF3E2697535B00FE8B73 /* Topping.swift */; };
		B0E3AF412697553800FE8B73 /* HiroshimaOkonomiyakiStore.swift in Sources */ = {isa = PBXBuildFile; fileRef = B0E3AF402697553800FE8B73 /* HiroshimaOkonomiyakiStore.swift */; };
		B0E3AF432697565C00FE8B73 /* HiroshimaMixedOkonomiyaki.swift in Sources */ = {isa = PBXBuildFile; fileRef = B0E3AF422697565C00FE8B73 /* HiroshimaMixedOkonomiyaki.swift */; };
		B0E3AF452697570400FE8B73 /* HiroshimaCheeseOkonomiyaki.swift in Sources */ = {isa = PBXBuildFile; fileRef = B0E3AF442697570400FE8B73 /* HiroshimaCheeseOkonomiyaki.swift */; };
		B0E3AF472697572100FE8B73 /* HiroshimaMentaikoOkonomiyaki.swift in Sources */ = {isa = PBXBuildFile; fileRef = B0E3AF462697572100FE8B73 /* HiroshimaMentaikoOkonomiyaki.swift */; };
		B0E3AF4B269757D300FE8B73 /* KansaiOkonimiyakiStore.swift in Sources */ = {isa = PBXBuildFile; fileRef = B0E3AF4A269757D300FE8B73 /* KansaiOkonimiyakiStore.swift */; };
		B0E3AF4D269757FE00FE8B73 /* KansaiMixedOkonomiyaki.swift in Sources */ = {isa = PBXBuildFile; fileRef = B0E3AF4C269757FE00FE8B73 /* KansaiMixedOkonomiyaki.swift */; };
		B0E3AF4F2697580B00FE8B73 /* KansaiCheeseOkonomiyaki.swift in Sources */ = {isa = PBXBuildFile; fileRef = B0E3AF4E2697580B00FE8B73 /* KansaiCheeseOkonomiyaki.swift */; };
		B0E3AF512697581500FE8B73 /* KansaiMentaikoOkonomiyaki.swift in Sources */ = {isa = PBXBuildFile; fileRef = B0E3AF502697581500FE8B73 /* KansaiMentaikoOkonomiyaki.swift */; };
		B0E3AF57269B55DE00FE8B73 /* OkonomiyakiIngredientFactory.swift in Sources */ = {isa = PBXBuildFile; fileRef = B0E3AF56269B55DE00FE8B73 /* OkonomiyakiIngredientFactory.swift */; };
		B0E3AF59269B568300FE8B73 /* Sauce.swift in Sources */ = {isa = PBXBuildFile; fileRef = B0E3AF58269B568300FE8B73 /* Sauce.swift */; };
		B0E3AF5B269B56B200FE8B73 /* KansaiSauce.swift in Sources */ = {isa = PBXBuildFile; fileRef = B0E3AF5A269B56B200FE8B73 /* KansaiSauce.swift */; };
		B0E3AF5D269B56D200FE8B73 /* HiroshimaSauce.swift in Sources */ = {isa = PBXBuildFile; fileRef = B0E3AF5C269B56D200FE8B73 /* HiroshimaSauce.swift */; };
		B0E3AF60269B575B00FE8B73 /* KansaiOkonomiyakiIngredientFactory.swift in Sources */ = {isa = PBXBuildFile; fileRef = B0E3AF5F269B575B00FE8B73 /* KansaiOkonomiyakiIngredientFactory.swift */; };
		B0E3AF62269B57B000FE8B73 /* HiroshimaOkonomiyakiIngredientFactory.swift in Sources */ = {isa = PBXBuildFile; fileRef = B0E3AF61269B57B000FE8B73 /* HiroshimaOkonomiyakiIngredientFactory.swift */; };
		B0E3AF65269B5A9400FE8B73 /* MixedOkonomiyaki.swift in Sources */ = {isa = PBXBuildFile; fileRef = B0E3AF64269B5A9400FE8B73 /* MixedOkonomiyaki.swift */; };
		B0E3AF67269B5D0600FE8B73 /* CheeseOkonomiyaki.swift in Sources */ = {isa = PBXBuildFile; fileRef = B0E3AF66269B5D0600FE8B73 /* CheeseOkonomiyaki.swift */; };
		B0E3AF69269B5D5500FE8B73 /* MentaikoOkonomiyaki.swift in Sources */ = {isa = PBXBuildFile; fileRef = B0E3AF68269B5D5500FE8B73 /* MentaikoOkonomiyaki.swift */; };
		B0E3AF6B269B5EEE00FE8B73 /* Okonomiyaki2.swift in Sources */ = {isa = PBXBuildFile; fileRef = B0E3AF6A269B5EEE00FE8B73 /* Okonomiyaki2.swift */; };
		B0E3AF6E269B5FBA00FE8B73 /* KansaiOkonomiyakiStore2.swift in Sources */ = {isa = PBXBuildFile; fileRef = B0E3AF6D269B5FBA00FE8B73 /* KansaiOkonomiyakiStore2.swift */; };
		B0E3AF70269B5FC500FE8B73 /* HiroshimaOkonomiyakiStore2.swift in Sources */ = {isa = PBXBuildFile; fileRef = B0E3AF6F269B5FC500FE8B73 /* HiroshimaOkonomiyakiStore2.swift */; };
		B0E3AF72269B603500FE8B73 /* OkonomiyakiStore2.swift in Sources */ = {isa = PBXBuildFile; fileRef = B0E3AF71269B603500FE8B73 /* OkonomiyakiStore2.swift */; };
/* End PBXBuildFile section */

/* Begin PBXContainerItemProxy section */
		B0A90A482684DB210001BBE8 /* PBXContainerItemProxy */ = {
			isa = PBXContainerItemProxy;
			containerPortal = B0A90A292684DB1E0001BBE8 /* Project object */;
			proxyType = 1;
			remoteGlobalIDString = B0A90A302684DB1E0001BBE8;
			remoteInfo = DesignPatterns;
		};
		B0A90A532684DB210001BBE8 /* PBXContainerItemProxy */ = {
			isa = PBXContainerItemProxy;
			containerPortal = B0A90A292684DB1E0001BBE8 /* Project object */;
			proxyType = 1;
			remoteGlobalIDString = B0A90A302684DB1E0001BBE8;
			remoteInfo = DesignPatterns;
		};
/* End PBXContainerItemProxy section */

/* Begin PBXFileReference section */
		B077EB0326917D8200089303 /* ObserverViewController.swift */ = {isa = PBXFileReference; lastKnownFileType = sourcecode.swift; path = ObserverViewController.swift; sourceTree = "<group>"; };
		B077EB0526917DA000089303 /* ObserverViewController.storyboard */ = {isa = PBXFileReference; lastKnownFileType = file.storyboard; path = ObserverViewController.storyboard; sourceTree = "<group>"; };
		B077EB0726917FBD00089303 /* Subject.swift */ = {isa = PBXFileReference; lastKnownFileType = sourcecode.swift; path = Subject.swift; sourceTree = "<group>"; };
		B077EB09269180D800089303 /* Observer.swift */ = {isa = PBXFileReference; lastKnownFileType = sourcecode.swift; path = Observer.swift; sourceTree = "<group>"; };
		B077EB0D269181ED00089303 /* John.swift */ = {isa = PBXFileReference; lastKnownFileType = sourcecode.swift; path = John.swift; sourceTree = "<group>"; };
		B077EB0F2691823F00089303 /* Paul.swift */ = {isa = PBXFileReference; lastKnownFileType = sourcecode.swift; path = Paul.swift; sourceTree = "<group>"; };
		B077EB122691837D00089303 /* NetfilxSubject.swift */ = {isa = PBXFileReference; lastKnownFileType = sourcecode.swift; path = NetfilxSubject.swift; sourceTree = "<group>"; };
		B077EB1626937A3A00089303 /* DecoratorViewController.swift */ = {isa = PBXFileReference; lastKnownFileType = sourcecode.swift; path = DecoratorViewController.swift; sourceTree = "<group>"; };
		B077EB1826937A5A00089303 /* DecoratorViewController.storyboard */ = {isa = PBXFileReference; lastKnownFileType = file.storyboard; path = DecoratorViewController.storyboard; sourceTree = "<group>"; };
		B077EB1A26948E7B00089303 /* Menu.swift */ = {isa = PBXFileReference; lastKnownFileType = sourcecode.swift; path = Menu.swift; sourceTree = "<group>"; };
		B077EB1C26948ECC00089303 /* Ramen.swift */ = {isa = PBXFileReference; lastKnownFileType = sourcecode.swift; path = Ramen.swift; sourceTree = "<group>"; };
		B077EB1F26948FD600089303 /* Decorator.swift */ = {isa = PBXFileReference; lastKnownFileType = sourcecode.swift; path = Decorator.swift; sourceTree = "<group>"; };
		B077EB21269492FA00089303 /* SeasonedEgg.swift */ = {isa = PBXFileReference; lastKnownFileType = sourcecode.swift; path = SeasonedEgg.swift; sourceTree = "<group>"; };
		B077EB232694942D00089303 /* Seaweed.swift */ = {isa = PBXFileReference; lastKnownFileType = sourcecode.swift; path = Seaweed.swift; sourceTree = "<group>"; };
		B077EB252694947C00089303 /* RoastPork.swift */ = {isa = PBXFileReference; lastKnownFileType = sourcecode.swift; path = RoastPork.swift; sourceTree = "<group>"; };
		B0A90A312684DB1E0001BBE8 /* DesignPatterns.app */ = {isa = PBXFileReference; explicitFileType = wrapper.application; includeInIndex = 0; path = DesignPatterns.app; sourceTree = BUILT_PRODUCTS_DIR; };
		B0A90A342684DB1E0001BBE8 /* AppDelegate.swift */ = {isa = PBXFileReference; lastKnownFileType = sourcecode.swift; path = AppDelegate.swift; sourceTree = "<group>"; };
		B0A90A362684DB1E0001BBE8 /* SceneDelegate.swift */ = {isa = PBXFileReference; lastKnownFileType = sourcecode.swift; path = SceneDelegate.swift; sourceTree = "<group>"; };
		B0A90A382684DB1E0001BBE8 /* ViewController.swift */ = {isa = PBXFileReference; lastKnownFileType = sourcecode.swift; path = ViewController.swift; sourceTree = "<group>"; };
		B0A90A3B2684DB1E0001BBE8 /* Base */ = {isa = PBXFileReference; lastKnownFileType = file.storyboard; name = Base; path = Base.lproj/Main.storyboard; sourceTree = "<group>"; };
		B0A90A3D2684DB210001BBE8 /* Assets.xcassets */ = {isa = PBXFileReference; lastKnownFileType = folder.assetcatalog; path = Assets.xcassets; sourceTree = "<group>"; };
		B0A90A402684DB210001BBE8 /* Base */ = {isa = PBXFileReference; lastKnownFileType = file.storyboard; name = Base; path = Base.lproj/LaunchScreen.storyboard; sourceTree = "<group>"; };
		B0A90A422684DB210001BBE8 /* Info.plist */ = {isa = PBXFileReference; lastKnownFileType = text.plist.xml; path = Info.plist; sourceTree = "<group>"; };
		B0A90A472684DB210001BBE8 /* DesignPatternsTests.xctest */ = {isa = PBXFileReference; explicitFileType = wrapper.cfbundle; includeInIndex = 0; path = DesignPatternsTests.xctest; sourceTree = BUILT_PRODUCTS_DIR; };
		B0A90A4B2684DB210001BBE8 /* DesignPatternsTests.swift */ = {isa = PBXFileReference; lastKnownFileType = sourcecode.swift; path = DesignPatternsTests.swift; sourceTree = "<group>"; };
		B0A90A4D2684DB210001BBE8 /* Info.plist */ = {isa = PBXFileReference; lastKnownFileType = text.plist.xml; path = Info.plist; sourceTree = "<group>"; };
		B0A90A522684DB210001BBE8 /* DesignPatternsUITests.xctest */ = {isa = PBXFileReference; explicitFileType = wrapper.cfbundle; includeInIndex = 0; path = DesignPatternsUITests.xctest; sourceTree = BUILT_PRODUCTS_DIR; };
		B0A90A562684DB210001BBE8 /* DesignPatternsUITests.swift */ = {isa = PBXFileReference; lastKnownFileType = sourcecode.swift; path = DesignPatternsUITests.swift; sourceTree = "<group>"; };
		B0A90A582684DB210001BBE8 /* Info.plist */ = {isa = PBXFileReference; lastKnownFileType = text.plist.xml; path = Info.plist; sourceTree = "<group>"; };
		B0A90A672684DD150001BBE8 /* StrategyViewController.swift */ = {isa = PBXFileReference; lastKnownFileType = sourcecode.swift; path = StrategyViewController.swift; sourceTree = "<group>"; };
		B0A90A692684DD7A0001BBE8 /* FlyBehavior.swift */ = {isa = PBXFileReference; lastKnownFileType = sourcecode.swift; path = FlyBehavior.swift; sourceTree = "<group>"; };
		B0A90A6C2684DDD30001BBE8 /* FlyNormal.swift */ = {isa = PBXFileReference; lastKnownFileType = sourcecode.swift; path = FlyNormal.swift; sourceTree = "<group>"; };
		B0A90A6E2684DE120001BBE8 /* FlyBalloon.swift */ = {isa = PBXFileReference; lastKnownFileType = sourcecode.swift; path = FlyBalloon.swift; sourceTree = "<group>"; };
		B0A90A702684DE8D0001BBE8 /* FlyNoWay.swift */ = {isa = PBXFileReference; lastKnownFileType = sourcecode.swift; path = FlyNoWay.swift; sourceTree = "<group>"; };
		B0A90A732684DF690001BBE8 /* Pokemon.swift */ = {isa = PBXFileReference; lastKnownFileType = sourcecode.swift; path = Pokemon.swift; sourceTree = "<group>"; };
		B0A90A752684DF940001BBE8 /* FlyType.swift */ = {isa = PBXFileReference; lastKnownFileType = sourcecode.swift; path = FlyType.swift; sourceTree = "<group>"; };
		B0A90A772684E0D70001BBE8 /* Pikachu.swift */ = {isa = PBXFileReference; lastKnownFileType = sourcecode.swift; path = Pikachu.swift; sourceTree = "<group>"; };
		B0A90A792684E1BD0001BBE8 /* Charizard.swift */ = {isa = PBXFileReference; lastKnownFileType = sourcecode.swift; path = Charizard.swift; sourceTree = "<group>"; };
		B0A90A7B2684E5680001BBE8 /* StrategyViewController.storyboard */ = {isa = PBXFileReference; lastKnownFileType = file.storyboard; path = StrategyViewController.storyboard; sourceTree = "<group>"; };
		B0CAA306269DE6E10088E054 /* SingletonViewController.swift */ = {isa = PBXFileReference; lastKnownFileType = sourcecode.swift; path = SingletonViewController.swift; sourceTree = "<group>"; };
		B0CAA308269DE6F30088E054 /* Singleton2ViewController.swift */ = {isa = PBXFileReference; lastKnownFileType = sourcecode.swift; path = Singleton2ViewController.swift; sourceTree = "<group>"; };
		B0CAA30A269DE7010088E054 /* SingletonViewController.storyboard */ = {isa = PBXFileReference; lastKnownFileType = file.storyboard; path = SingletonViewController.storyboard; sourceTree = "<group>"; };
		B0CAA30C269DE74B0088E054 /* Singleton2ViewController.storyboard */ = {isa = PBXFileReference; lastKnownFileType = file.storyboard; path = Singleton2ViewController.storyboard; sourceTree = "<group>"; };
		B0E3AF362695FFA300FE8B73 /* FactoryViewController.swift */ = {isa = PBXFileReference; lastKnownFileType = sourcecode.swift; path = FactoryViewController.swift; sourceTree = "<group>"; };
		B0E3AF382695FFB500FE8B73 /* FactoryViewController.storyboard */ = {isa = PBXFileReference; lastKnownFileType = file.storyboard; path = FactoryViewController.storyboard; sourceTree = "<group>"; };
		B0E3AF3A2697520000FE8B73 /* OkonomiyakiStore.swift */ = {isa = PBXFileReference; lastKnownFileType = sourcecode.swift; path = OkonomiyakiStore.swift; sourceTree = "<group>"; };
		B0E3AF3C2697532E00FE8B73 /* Okonomiyaki.swift */ = {isa = PBXFileReference; lastKnownFileType = sourcecode.swift; path = Okonomiyaki.swift; sourceTree = "<group>"; };
		B0E3AF3E2697535B00FE8B73 /* Topping.swift */ = {isa = PBXFileReference; lastKnownFileType = sourcecode.swift; path = Topping.swift; sourceTree = "<group>"; };
		B0E3AF402697553800FE8B73 /* HiroshimaOkonomiyakiStore.swift */ = {isa = PBXFileReference; lastKnownFileType = sourcecode.swift; path = HiroshimaOkonomiyakiStore.swift; sourceTree = "<group>"; };
		B0E3AF422697565C00FE8B73 /* HiroshimaMixedOkonomiyaki.swift */ = {isa = PBXFileReference; lastKnownFileType = sourcecode.swift; path = HiroshimaMixedOkonomiyaki.swift; sourceTree = "<group>"; };
		B0E3AF442697570400FE8B73 /* HiroshimaCheeseOkonomiyaki.swift */ = {isa = PBXFileReference; lastKnownFileType = sourcecode.swift; path = HiroshimaCheeseOkonomiyaki.swift; sourceTree = "<group>"; };
		B0E3AF462697572100FE8B73 /* HiroshimaMentaikoOkonomiyaki.swift */ = {isa = PBXFileReference; lastKnownFileType = sourcecode.swift; path = HiroshimaMentaikoOkonomiyaki.swift; sourceTree = "<group>"; };
		B0E3AF4A269757D300FE8B73 /* KansaiOkonimiyakiStore.swift */ = {isa = PBXFileReference; lastKnownFileType = sourcecode.swift; path = KansaiOkonimiyakiStore.swift; sourceTree = "<group>"; };
		B0E3AF4C269757FE00FE8B73 /* KansaiMixedOkonomiyaki.swift */ = {isa = PBXFileReference; lastKnownFileType = sourcecode.swift; path = KansaiMixedOkonomiyaki.swift; sourceTree = "<group>"; };
		B0E3AF4E2697580B00FE8B73 /* KansaiCheeseOkonomiyaki.swift */ = {isa = PBXFileReference; lastKnownFileType = sourcecode.swift; path = KansaiCheeseOkonomiyaki.swift; sourceTree = "<group>"; };
		B0E3AF502697581500FE8B73 /* KansaiMentaikoOkonomiyaki.swift */ = {isa = PBXFileReference; lastKnownFileType = sourcecode.swift; path = KansaiMentaikoOkonomiyaki.swift; sourceTree = "<group>"; };
		B0E3AF56269B55DE00FE8B73 /* OkonomiyakiIngredientFactory.swift */ = {isa = PBXFileReference; lastKnownFileType = sourcecode.swift; path = OkonomiyakiIngredientFactory.swift; sourceTree = "<group>"; };
		B0E3AF58269B568300FE8B73 /* Sauce.swift */ = {isa = PBXFileReference; lastKnownFileType = sourcecode.swift; path = Sauce.swift; sourceTree = "<group>"; };
		B0E3AF5A269B56B200FE8B73 /* KansaiSauce.swift */ = {isa = PBXFileReference; lastKnownFileType = sourcecode.swift; path = KansaiSauce.swift; sourceTree = "<group>"; };
		B0E3AF5C269B56D200FE8B73 /* HiroshimaSauce.swift */ = {isa = PBXFileReference; lastKnownFileType = sourcecode.swift; path = HiroshimaSauce.swift; sourceTree = "<group>"; };
		B0E3AF5F269B575B00FE8B73 /* KansaiOkonomiyakiIngredientFactory.swift */ = {isa = PBXFileReference; lastKnownFileType = sourcecode.swift; path = KansaiOkonomiyakiIngredientFactory.swift; sourceTree = "<group>"; };
		B0E3AF61269B57B000FE8B73 /* HiroshimaOkonomiyakiIngredientFactory.swift */ = {isa = PBXFileReference; lastKnownFileType = sourcecode.swift; path = HiroshimaOkonomiyakiIngredientFactory.swift; sourceTree = "<group>"; };
		B0E3AF64269B5A9400FE8B73 /* MixedOkonomiyaki.swift */ = {isa = PBXFileReference; lastKnownFileType = sourcecode.swift; path = MixedOkonomiyaki.swift; sourceTree = "<group>"; };
		B0E3AF66269B5D0600FE8B73 /* CheeseOkonomiyaki.swift */ = {isa = PBXFileReference; lastKnownFileType = sourcecode.swift; path = CheeseOkonomiyaki.swift; sourceTree = "<group>"; };
		B0E3AF68269B5D5500FE8B73 /* MentaikoOkonomiyaki.swift */ = {isa = PBXFileReference; lastKnownFileType = sourcecode.swift; path = MentaikoOkonomiyaki.swift; sourceTree = "<group>"; };
		B0E3AF6A269B5EEE00FE8B73 /* Okonomiyaki2.swift */ = {isa = PBXFileReference; lastKnownFileType = sourcecode.swift; path = Okonomiyaki2.swift; sourceTree = "<group>"; };
		B0E3AF6D269B5FBA00FE8B73 /* KansaiOkonomiyakiStore2.swift */ = {isa = PBXFileReference; lastKnownFileType = sourcecode.swift; path = KansaiOkonomiyakiStore2.swift; sourceTree = "<group>"; };
		B0E3AF6F269B5FC500FE8B73 /* HiroshimaOkonomiyakiStore2.swift */ = {isa = PBXFileReference; lastKnownFileType = sourcecode.swift; path = HiroshimaOkonomiyakiStore2.swift; sourceTree = "<group>"; };
		B0E3AF71269B603500FE8B73 /* OkonomiyakiStore2.swift */ = {isa = PBXFileReference; lastKnownFileType = sourcecode.swift; path = OkonomiyakiStore2.swift; sourceTree = "<group>"; };
/* End PBXFileReference section */

/* Begin PBXFrameworksBuildPhase section */
		B0A90A2E2684DB1E0001BBE8 /* Frameworks */ = {
			isa = PBXFrameworksBuildPhase;
			buildActionMask = 2147483647;
			files = (
			);
			runOnlyForDeploymentPostprocessing = 0;
		};
		B0A90A442684DB210001BBE8 /* Frameworks */ = {
			isa = PBXFrameworksBuildPhase;
			buildActionMask = 2147483647;
			files = (
			);
			runOnlyForDeploymentPostprocessing = 0;
		};
		B0A90A4F2684DB210001BBE8 /* Frameworks */ = {
			isa = PBXFrameworksBuildPhase;
			buildActionMask = 2147483647;
			files = (
			);
			runOnlyForDeploymentPostprocessing = 0;
		};
/* End PBXFrameworksBuildPhase section */

/* Begin PBXGroup section */
		B077EB0026917D5100089303 /* Observer */ = {
			isa = PBXGroup;
			children = (
				B077EB0326917D8200089303 /* ObserverViewController.swift */,
				B077EB0526917DA000089303 /* ObserverViewController.storyboard */,
				B077EB0C269181B000089303 /* Subject */,
				B077EB0B269181A200089303 /* Observer */,
			);
			path = Observer;
			sourceTree = "<group>";
		};
		B077EB0B269181A200089303 /* Observer */ = {
			isa = PBXGroup;
			children = (
				B077EB09269180D800089303 /* Observer.swift */,
				B077EB0D269181ED00089303 /* John.swift */,
				B077EB0F2691823F00089303 /* Paul.swift */,
			);
			path = Observer;
			sourceTree = "<group>";
		};
		B077EB0C269181B000089303 /* Subject */ = {
			isa = PBXGroup;
			children = (
				B077EB0726917FBD00089303 /* Subject.swift */,
				B077EB122691837D00089303 /* NetfilxSubject.swift */,
			);
			path = Subject;
			sourceTree = "<group>";
		};
		B077EB1526937A1800089303 /* Decorator */ = {
			isa = PBXGroup;
			children = (
				B077EB1E26948FB100089303 /* Component */,
				B077EB27269494CB00089303 /* Decorator */,
				B077EB1826937A5A00089303 /* DecoratorViewController.storyboard */,
				B077EB1626937A3A00089303 /* DecoratorViewController.swift */,
			);
			path = Decorator;
			sourceTree = "<group>";
		};
		B077EB1E26948FB100089303 /* Component */ = {
			isa = PBXGroup;
			children = (
				B077EB1A26948E7B00089303 /* Menu.swift */,
				B077EB1C26948ECC00089303 /* Ramen.swift */,
			);
			path = Component;
			sourceTree = "<group>";
		};
		B077EB27269494CB00089303 /* Decorator */ = {
			isa = PBXGroup;
			children = (
				B077EB1F26948FD600089303 /* Decorator.swift */,
				B077EB21269492FA00089303 /* SeasonedEgg.swift */,
				B077EB232694942D00089303 /* Seaweed.swift */,
				B077EB252694947C00089303 /* RoastPork.swift */,
			);
			path = Decorator;
			sourceTree = "<group>";
		};
		B0A90A282684DB1E0001BBE8 = {
			isa = PBXGroup;
			children = (
				B0A90A332684DB1E0001BBE8 /* DesignPatterns */,
				B0A90A4A2684DB210001BBE8 /* DesignPatternsTests */,
				B0A90A552684DB210001BBE8 /* DesignPatternsUITests */,
				B0A90A322684DB1E0001BBE8 /* Products */,
			);
			sourceTree = "<group>";
		};
		B0A90A322684DB1E0001BBE8 /* Products */ = {
			isa = PBXGroup;
			children = (
				B0A90A312684DB1E0001BBE8 /* DesignPatterns.app */,
				B0A90A472684DB210001BBE8 /* DesignPatternsTests.xctest */,
				B0A90A522684DB210001BBE8 /* DesignPatternsUITests.xctest */,
			);
			name = Products;
			sourceTree = "<group>";
		};
		B0A90A332684DB1E0001BBE8 /* DesignPatterns */ = {
			isa = PBXGroup;
			children = (
				B0A90A342684DB1E0001BBE8 /* AppDelegate.swift */,
				B0A90A3D2684DB210001BBE8 /* Assets.xcassets */,
				B077EB1526937A1800089303 /* Decorator */,
				B0E3AF322695FF6D00FE8B73 /* Factory */,
				B0A90A422684DB210001BBE8 /* Info.plist */,
				B0A90A3F2684DB210001BBE8 /* LaunchScreen.storyboard */,
				B0A90A3A2684DB1E0001BBE8 /* Main.storyboard */,
				B077EB0026917D5100089303 /* Observer */,
				B0A90A362684DB1E0001BBE8 /* SceneDelegate.swift */,
				B0CAA306269DE6E10088E054 /* SingletonViewController.swift */,
				B0CAA30A269DE7010088E054 /* SingletonViewController.storyboard */,
				B0CAA30C269DE74B0088E054 /* Singleton2ViewController.storyboard */,
				B0CAA308269DE6F30088E054 /* Singleton2ViewController.swift */,
				B0A90A642684DC9B0001BBE8 /* Strategy */,
				B0A90A382684DB1E0001BBE8 /* ViewController.swift */,
			);
			path = DesignPatterns;
			sourceTree = "<group>";
		};
		B0A90A4A2684DB210001BBE8 /* DesignPatternsTests */ = {
			isa = PBXGroup;
			children = (
				B0A90A4B2684DB210001BBE8 /* DesignPatternsTests.swift */,
				B0A90A4D2684DB210001BBE8 /* Info.plist */,
			);
			path = DesignPatternsTests;
			sourceTree = "<group>";
		};
		B0A90A552684DB210001BBE8 /* DesignPatternsUITests */ = {
			isa = PBXGroup;
			children = (
				B0A90A562684DB210001BBE8 /* DesignPatternsUITests.swift */,
				B0A90A582684DB210001BBE8 /* Info.plist */,
			);
			path = DesignPatternsUITests;
			sourceTree = "<group>";
		};
		B0A90A642684DC9B0001BBE8 /* Strategy */ = {
			isa = PBXGroup;
			children = (
				B0A90A6B2684DDB60001BBE8 /* Behaviors */,
				B0A90A722684DF470001BBE8 /* Pokemon */,
				B0A90A7B2684E5680001BBE8 /* StrategyViewController.storyboard */,
				B0A90A672684DD150001BBE8 /* StrategyViewController.swift */,
			);
			path = Strategy;
			sourceTree = "<group>";
		};
		B0A90A6B2684DDB60001BBE8 /* Behaviors */ = {
			isa = PBXGroup;
			children = (
				B0A90A692684DD7A0001BBE8 /* FlyBehavior.swift */,
				B0A90A6C2684DDD30001BBE8 /* FlyNormal.swift */,
				B0A90A6E2684DE120001BBE8 /* FlyBalloon.swift */,
				B0A90A702684DE8D0001BBE8 /* FlyNoWay.swift */,
			);
			path = Behaviors;
			sourceTree = "<group>";
		};
		B0A90A722684DF470001BBE8 /* Pokemon */ = {
			isa = PBXGroup;
			children = (
				B0A90A732684DF690001BBE8 /* Pokemon.swift */,
				B0A90A752684DF940001BBE8 /* FlyType.swift */,
				B0A90A772684E0D70001BBE8 /* Pikachu.swift */,
				B0A90A792684E1BD0001BBE8 /* Charizard.swift */,
			);
			path = Pokemon;
			sourceTree = "<group>";
		};
		B0CAA305269B64830088E054 /* Creator */ = {
			isa = PBXGroup;
			children = (
				B0E3AF6D269B5FBA00FE8B73 /* KansaiOkonomiyakiStore2.swift */,
				B0E3AF71269B603500FE8B73 /* OkonomiyakiStore2.swift */,
				B0E3AF6F269B5FC500FE8B73 /* HiroshimaOkonomiyakiStore2.swift */,
			);
			path = Creator;
			sourceTree = "<group>";
		};
		B0E3AF322695FF6D00FE8B73 /* Factory */ = {
			isa = PBXGroup;
			children = (
				B0E3AF54269B550F00FE8B73 /* Abstract Factory */,
				B0E3AF332695FF7800FE8B73 /* FactoryMethod */,
				B0E3AF382695FFB500FE8B73 /* FactoryViewController.storyboard */,
				B0E3AF362695FFA300FE8B73 /* FactoryViewController.swift */,
				B0E3AF3E2697535B00FE8B73 /* Topping.swift */,
			);
			path = Factory;
			sourceTree = "<group>";
		};
		B0E3AF332695FF7800FE8B73 /* FactoryMethod */ = {
			isa = PBXGroup;
			children = (
				B0E3AF48269757A700FE8B73 /* Creator */,
				B0E3AF532697587C00FE8B73 /* Product */,
			);
			path = FactoryMethod;
			sourceTree = "<group>";
		};
		B0E3AF48269757A700FE8B73 /* Creator */ = {
			isa = PBXGroup;
			children = (
				B0E3AF3A2697520000FE8B73 /* OkonomiyakiStore.swift */,
				B0E3AF4A269757D300FE8B73 /* KansaiOkonimiyakiStore.swift */,
				B0E3AF402697553800FE8B73 /* HiroshimaOkonomiyakiStore.swift */,
			);
			path = Creator;
			sourceTree = "<group>";
		};
		B0E3AF49269757B200FE8B73 /* Hiroshima */ = {
			isa = PBXGroup;
			children = (
				B0E3AF422697565C00FE8B73 /* HiroshimaMixedOkonomiyaki.swift */,
				B0E3AF442697570400FE8B73 /* HiroshimaCheeseOkonomiyaki.swift */,
				B0E3AF462697572100FE8B73 /* HiroshimaMentaikoOkonomiyaki.swift */,
			);
			path = Hiroshima;
			sourceTree = "<group>";
		};
		B0E3AF522697585400FE8B73 /* Kansai */ = {
			isa = PBXGroup;
			children = (
				B0E3AF4C269757FE00FE8B73 /* KansaiMixedOkonomiyaki.swift */,
				B0E3AF4E2697580B00FE8B73 /* KansaiCheeseOkonomiyaki.swift */,
				B0E3AF502697581500FE8B73 /* KansaiMentaikoOkonomiyaki.swift */,
			);
			path = Kansai;
			sourceTree = "<group>";
		};
		B0E3AF532697587C00FE8B73 /* Product */ = {
			isa = PBXGroup;
			children = (
				B0E3AF3C2697532E00FE8B73 /* Okonomiyaki.swift */,
				B0E3AF522697585400FE8B73 /* Kansai */,
				B0E3AF49269757B200FE8B73 /* Hiroshima */,
			);
			path = Product;
			sourceTree = "<group>";
		};
		B0E3AF54269B550F00FE8B73 /* Abstract Factory */ = {
			isa = PBXGroup;
			children = (
				B0E3AF5E269B571C00FE8B73 /* Abstract Product */,
				B0CAA305269B64830088E054 /* Creator */,
				B0E3AF63269B59E900FE8B73 /* IngredientFactory */,
				B0E3AF6C269B5F8200FE8B73 /* Product */,
			);
			path = "Abstract Factory";
			sourceTree = "<group>";
		};
		B0E3AF5E269B571C00FE8B73 /* Abstract Product */ = {
			isa = PBXGroup;
			children = (
				B0E3AF58269B568300FE8B73 /* Sauce.swift */,
				B0E3AF5A269B56B200FE8B73 /* KansaiSauce.swift */,
				B0E3AF5C269B56D200FE8B73 /* HiroshimaSauce.swift */,
			);
			path = "Abstract Product";
			sourceTree = "<group>";
		};
		B0E3AF63269B59E900FE8B73 /* IngredientFactory */ = {
			isa = PBXGroup;
			children = (
				B0E3AF56269B55DE00FE8B73 /* OkonomiyakiIngredientFactory.swift */,
				B0E3AF5F269B575B00FE8B73 /* KansaiOkonomiyakiIngredientFactory.swift */,
				B0E3AF61269B57B000FE8B73 /* HiroshimaOkonomiyakiIngredientFactory.swift */,
			);
			path = IngredientFactory;
			sourceTree = "<group>";
		};
		B0E3AF6C269B5F8200FE8B73 /* Product */ = {
			isa = PBXGroup;
			children = (
				B0E3AF64269B5A9400FE8B73 /* MixedOkonomiyaki.swift */,
				B0E3AF6A269B5EEE00FE8B73 /* Okonomiyaki2.swift */,
				B0E3AF66269B5D0600FE8B73 /* CheeseOkonomiyaki.swift */,
				B0E3AF68269B5D5500FE8B73 /* MentaikoOkonomiyaki.swift */,
			);
			path = Product;
			sourceTree = "<group>";
		};
/* End PBXGroup section */

/* Begin PBXNativeTarget section */
		B0A90A302684DB1E0001BBE8 /* DesignPatterns */ = {
			isa = PBXNativeTarget;
			buildConfigurationList = B0A90A5B2684DB210001BBE8 /* Build configuration list for PBXNativeTarget "DesignPatterns" */;
			buildPhases = (
				B0A90A2D2684DB1E0001BBE8 /* Sources */,
				B0A90A2E2684DB1E0001BBE8 /* Frameworks */,
				B0A90A2F2684DB1E0001BBE8 /* Resources */,
			);
			buildRules = (
			);
			dependencies = (
			);
			name = DesignPatterns;
			productName = DesignPatterns;
			productReference = B0A90A312684DB1E0001BBE8 /* DesignPatterns.app */;
			productType = "com.apple.product-type.application";
		};
		B0A90A462684DB210001BBE8 /* DesignPatternsTests */ = {
			isa = PBXNativeTarget;
			buildConfigurationList = B0A90A5E2684DB210001BBE8 /* Build configuration list for PBXNativeTarget "DesignPatternsTests" */;
			buildPhases = (
				B0A90A432684DB210001BBE8 /* Sources */,
				B0A90A442684DB210001BBE8 /* Frameworks */,
				B0A90A452684DB210001BBE8 /* Resources */,
			);
			buildRules = (
			);
			dependencies = (
				B0A90A492684DB210001BBE8 /* PBXTargetDependency */,
			);
			name = DesignPatternsTests;
			productName = DesignPatternsTests;
			productReference = B0A90A472684DB210001BBE8 /* DesignPatternsTests.xctest */;
			productType = "com.apple.product-type.bundle.unit-test";
		};
		B0A90A512684DB210001BBE8 /* DesignPatternsUITests */ = {
			isa = PBXNativeTarget;
			buildConfigurationList = B0A90A612684DB210001BBE8 /* Build configuration list for PBXNativeTarget "DesignPatternsUITests" */;
			buildPhases = (
				B0A90A4E2684DB210001BBE8 /* Sources */,
				B0A90A4F2684DB210001BBE8 /* Frameworks */,
				B0A90A502684DB210001BBE8 /* Resources */,
			);
			buildRules = (
			);
			dependencies = (
				B0A90A542684DB210001BBE8 /* PBXTargetDependency */,
			);
			name = DesignPatternsUITests;
			productName = DesignPatternsUITests;
			productReference = B0A90A522684DB210001BBE8 /* DesignPatternsUITests.xctest */;
			productType = "com.apple.product-type.bundle.ui-testing";
		};
/* End PBXNativeTarget section */

/* Begin PBXProject section */
		B0A90A292684DB1E0001BBE8 /* Project object */ = {
			isa = PBXProject;
			attributes = {
				LastSwiftUpdateCheck = 1250;
				LastUpgradeCheck = 1250;
				TargetAttributes = {
					B0A90A302684DB1E0001BBE8 = {
						CreatedOnToolsVersion = 12.5;
					};
					B0A90A462684DB210001BBE8 = {
						CreatedOnToolsVersion = 12.5;
						TestTargetID = B0A90A302684DB1E0001BBE8;
					};
					B0A90A512684DB210001BBE8 = {
						CreatedOnToolsVersion = 12.5;
						TestTargetID = B0A90A302684DB1E0001BBE8;
					};
				};
			};
			buildConfigurationList = B0A90A2C2684DB1E0001BBE8 /* Build configuration list for PBXProject "DesignPatterns" */;
			compatibilityVersion = "Xcode 9.3";
			developmentRegion = en;
			hasScannedForEncodings = 0;
			knownRegions = (
				en,
				Base,
			);
			mainGroup = B0A90A282684DB1E0001BBE8;
			productRefGroup = B0A90A322684DB1E0001BBE8 /* Products */;
			projectDirPath = "";
			projectRoot = "";
			targets = (
				B0A90A302684DB1E0001BBE8 /* DesignPatterns */,
				B0A90A462684DB210001BBE8 /* DesignPatternsTests */,
				B0A90A512684DB210001BBE8 /* DesignPatternsUITests */,
			);
		};
/* End PBXProject section */

/* Begin PBXResourcesBuildPhase section */
		B0A90A2F2684DB1E0001BBE8 /* Resources */ = {
			isa = PBXResourcesBuildPhase;
			buildActionMask = 2147483647;
			files = (
				B0A90A412684DB210001BBE8 /* LaunchScreen.storyboard in Resources */,
				B0E3AF392695FFB500FE8B73 /* FactoryViewController.storyboard in Resources */,
				B077EB0626917DA000089303 /* ObserverViewController.storyboard in Resources */,
				B0A90A3E2684DB210001BBE8 /* Assets.xcassets in Resources */,
				B077EB1926937A5A00089303 /* DecoratorViewController.storyboard in Resources */,
				B0A90A7C2684E5680001BBE8 /* StrategyViewController.storyboard in Resources */,
				B0CAA30D269DE74B0088E054 /* Singleton2ViewController.storyboard in Resources */,
				B0A90A3C2684DB1E0001BBE8 /* Main.storyboard in Resources */,
				B0CAA30B269DE7010088E054 /* SingletonViewController.storyboard in Resources */,
			);
			runOnlyForDeploymentPostprocessing = 0;
		};
		B0A90A452684DB210001BBE8 /* Resources */ = {
			isa = PBXResourcesBuildPhase;
			buildActionMask = 2147483647;
			files = (
			);
			runOnlyForDeploymentPostprocessing = 0;
		};
		B0A90A502684DB210001BBE8 /* Resources */ = {
			isa = PBXResourcesBuildPhase;
			buildActionMask = 2147483647;
			files = (
			);
			runOnlyForDeploymentPostprocessing = 0;
		};
/* End PBXResourcesBuildPhase section */

/* Begin PBXSourcesBuildPhase section */
		B0A90A2D2684DB1E0001BBE8 /* Sources */ = {
			isa = PBXSourcesBuildPhase;
			buildActionMask = 2147483647;
			files = (
				B0A90A6F2684DE120001BBE8 /* FlyBalloon.swift in Sources */,
				B077EB262694947C00089303 /* RoastPork.swift in Sources */,
				B077EB0A269180D800089303 /* Observer.swift in Sources */,
				B0A90A392684DB1E0001BBE8 /* ViewController.swift in Sources */,
				B0E3AF512697581500FE8B73 /* KansaiMentaikoOkonomiyaki.swift in Sources */,
				B077EB2026948FD600089303 /* Decorator.swift in Sources */,
				B0E3AF59269B568300FE8B73 /* Sauce.swift in Sources */,
				B077EB0826917FBD00089303 /* Subject.swift in Sources */,
				B0E3AF6E269B5FBA00FE8B73 /* KansaiOkonomiyakiStore2.swift in Sources */,
				B077EB1726937A3A00089303 /* DecoratorViewController.swift in Sources */,
				B077EB242694942D00089303 /* Seaweed.swift in Sources */,
				B0A90A712684DE8D0001BBE8 /* FlyNoWay.swift in Sources */,
				B0E3AF57269B55DE00FE8B73 /* OkonomiyakiIngredientFactory.swift in Sources */,
				B0E3AF72269B603500FE8B73 /* OkonomiyakiStore2.swift in Sources */,
				B077EB0E269181ED00089303 /* John.swift in Sources */,
				B0E3AF4F2697580B00FE8B73 /* KansaiCheeseOkonomiyaki.swift in Sources */,
				B0A90A762684DF940001BBE8 /* FlyType.swift in Sources */,
				B0CAA309269DE6F30088E054 /* Singleton2ViewController.swift in Sources */,
				B0A90A782684E0D70001BBE8 /* Pikachu.swift in Sources */,
				B0E3AF452697570400FE8B73 /* HiroshimaCheeseOkonomiyaki.swift in Sources */,
				B0E3AF62269B57B000FE8B73 /* HiroshimaOkonomiyakiIngredientFactory.swift in Sources */,
				B077EB1B26948E7B00089303 /* Menu.swift in Sources */,
				B0E3AF65269B5A9400FE8B73 /* MixedOkonomiyaki.swift in Sources */,
				B0E3AF4D269757FE00FE8B73 /* KansaiMixedOkonomiyaki.swift in Sources */,
				B0E3AF372695FFA300FE8B73 /* FactoryViewController.swift in Sources */,
				B0A90A6A2684DD7A0001BBE8 /* FlyBehavior.swift in Sources */,
				B0E3AF6B269B5EEE00FE8B73 /* Okonomiyaki2.swift in Sources */,
				B0E3AF412697553800FE8B73 /* HiroshimaOkonomiyakiStore.swift in Sources */,
				B0E3AF4B269757D300FE8B73 /* KansaiOkonimiyakiStore.swift in Sources */,
				B0E3AF3F2697535B00FE8B73 /* Topping.swift in Sources */,
				B0A90A7A2684E1BD0001BBE8 /* Charizard.swift in Sources */,
				B0E3AF472697572100FE8B73 /* HiroshimaMentaikoOkonomiyaki.swift in Sources */,
				B077EB132691837D00089303 /* NetfilxSubject.swift in Sources */,
				B0E3AF432697565C00FE8B73 /* HiroshimaMixedOkonomiyaki.swift in Sources */,
				B0E3AF5B269B56B200FE8B73 /* KansaiSauce.swift in Sources */,
				B0A90A682684DD150001BBE8 /* StrategyViewController.swift in Sources */,
				B0E3AF5D269B56D200FE8B73 /* HiroshimaSauce.swift in Sources */,
				B0CAA307269DE6E10088E054 /* SingletonViewController.swift in Sources */,
				B0A90A742684DF690001BBE8 /* Pokemon.swift in Sources */,
				B0E3AF69269B5D5500FE8B73 /* MentaikoOkonomiyaki.swift in Sources */,
				B0A90A352684DB1E0001BBE8 /* AppDelegate.swift in Sources */,
				B0A90A6D2684DDD30001BBE8 /* FlyNormal.swift in Sources */,
				B077EB1D26948ECC00089303 /* Ramen.swift in Sources */,
				B077EB22269492FA00089303 /* SeasonedEgg.swift in Sources */,
				B0A90A372684DB1E0001BBE8 /* SceneDelegate.swift in Sources */,
				B077EB102691823F00089303 /* Paul.swift in Sources */,
				B0E3AF3B2697520000FE8B73 /* OkonomiyakiStore.swift in Sources */,
				B0E3AF67269B5D0600FE8B73 /* CheeseOkonomiyaki.swift in Sources */,
				B0E3AF70269B5FC500FE8B73 /* HiroshimaOkonomiyakiStore2.swift in Sources */,
				B0E3AF60269B575B00FE8B73 /* KansaiOkonomiyakiIngredientFactory.swift in Sources */,
				B0E3AF3D2697532E00FE8B73 /* Okonomiyaki.swift in Sources */,
				B077EB0426917D8200089303 /* ObserverViewController.swift in Sources */,
			);
			runOnlyForDeploymentPostprocessing = 0;
		};
		B0A90A432684DB210001BBE8 /* Sources */ = {
			isa = PBXSourcesBuildPhase;
			buildActionMask = 2147483647;
			files = (
				B0A90A4C2684DB210001BBE8 /* DesignPatternsTests.swift in Sources */,
			);
			runOnlyForDeploymentPostprocessing = 0;
		};
		B0A90A4E2684DB210001BBE8 /* Sources */ = {
			isa = PBXSourcesBuildPhase;
			buildActionMask = 2147483647;
			files = (
				B0A90A572684DB210001BBE8 /* DesignPatternsUITests.swift in Sources */,
			);
			runOnlyForDeploymentPostprocessing = 0;
		};
/* End PBXSourcesBuildPhase section */

/* Begin PBXTargetDependency section */
		B0A90A492684DB210001BBE8 /* PBXTargetDependency */ = {
			isa = PBXTargetDependency;
			target = B0A90A302684DB1E0001BBE8 /* DesignPatterns */;
			targetProxy = B0A90A482684DB210001BBE8 /* PBXContainerItemProxy */;
		};
		B0A90A542684DB210001BBE8 /* PBXTargetDependency */ = {
			isa = PBXTargetDependency;
			target = B0A90A302684DB1E0001BBE8 /* DesignPatterns */;
			targetProxy = B0A90A532684DB210001BBE8 /* PBXContainerItemProxy */;
		};
/* End PBXTargetDependency section */

/* Begin PBXVariantGroup section */
		B0A90A3A2684DB1E0001BBE8 /* Main.storyboard */ = {
			isa = PBXVariantGroup;
			children = (
				B0A90A3B2684DB1E0001BBE8 /* Base */,
			);
			name = Main.storyboard;
			sourceTree = "<group>";
		};
		B0A90A3F2684DB210001BBE8 /* LaunchScreen.storyboard */ = {
			isa = PBXVariantGroup;
			children = (
				B0A90A402684DB210001BBE8 /* Base */,
			);
			name = LaunchScreen.storyboard;
			sourceTree = "<group>";
		};
/* End PBXVariantGroup section */

/* Begin XCBuildConfiguration section */
		B0A90A592684DB210001BBE8 /* Debug */ = {
			isa = XCBuildConfiguration;
			buildSettings = {
				ALWAYS_SEARCH_USER_PATHS = NO;
				CLANG_ANALYZER_NONNULL = YES;
				CLANG_ANALYZER_NUMBER_OBJECT_CONVERSION = YES_AGGRESSIVE;
				CLANG_CXX_LANGUAGE_STANDARD = "gnu++14";
				CLANG_CXX_LIBRARY = "libc++";
				CLANG_ENABLE_MODULES = YES;
				CLANG_ENABLE_OBJC_ARC = YES;
				CLANG_ENABLE_OBJC_WEAK = YES;
				CLANG_WARN_BLOCK_CAPTURE_AUTORELEASING = YES;
				CLANG_WARN_BOOL_CONVERSION = YES;
				CLANG_WARN_COMMA = YES;
				CLANG_WARN_CONSTANT_CONVERSION = YES;
				CLANG_WARN_DEPRECATED_OBJC_IMPLEMENTATIONS = YES;
				CLANG_WARN_DIRECT_OBJC_ISA_USAGE = YES_ERROR;
				CLANG_WARN_DOCUMENTATION_COMMENTS = YES;
				CLANG_WARN_EMPTY_BODY = YES;
				CLANG_WARN_ENUM_CONVERSION = YES;
				CLANG_WARN_INFINITE_RECURSION = YES;
				CLANG_WARN_INT_CONVERSION = YES;
				CLANG_WARN_NON_LITERAL_NULL_CONVERSION = YES;
				CLANG_WARN_OBJC_IMPLICIT_RETAIN_SELF = YES;
				CLANG_WARN_OBJC_LITERAL_CONVERSION = YES;
				CLANG_WARN_OBJC_ROOT_CLASS = YES_ERROR;
				CLANG_WARN_QUOTED_INCLUDE_IN_FRAMEWORK_HEADER = YES;
				CLANG_WARN_RANGE_LOOP_ANALYSIS = YES;
				CLANG_WARN_STRICT_PROTOTYPES = YES;
				CLANG_WARN_SUSPICIOUS_MOVE = YES;
				CLANG_WARN_UNGUARDED_AVAILABILITY = YES_AGGRESSIVE;
				CLANG_WARN_UNREACHABLE_CODE = YES;
				CLANG_WARN__DUPLICATE_METHOD_MATCH = YES;
				COPY_PHASE_STRIP = NO;
				DEBUG_INFORMATION_FORMAT = dwarf;
				ENABLE_STRICT_OBJC_MSGSEND = YES;
				ENABLE_TESTABILITY = YES;
				GCC_C_LANGUAGE_STANDARD = gnu11;
				GCC_DYNAMIC_NO_PIC = NO;
				GCC_NO_COMMON_BLOCKS = YES;
				GCC_OPTIMIZATION_LEVEL = 0;
				GCC_PREPROCESSOR_DEFINITIONS = (
					"DEBUG=1",
					"$(inherited)",
				);
				GCC_WARN_64_TO_32_BIT_CONVERSION = YES;
				GCC_WARN_ABOUT_RETURN_TYPE = YES_ERROR;
				GCC_WARN_UNDECLARED_SELECTOR = YES;
				GCC_WARN_UNINITIALIZED_AUTOS = YES_AGGRESSIVE;
				GCC_WARN_UNUSED_FUNCTION = YES;
				GCC_WARN_UNUSED_VARIABLE = YES;
				IPHONEOS_DEPLOYMENT_TARGET = 14.5;
				MTL_ENABLE_DEBUG_INFO = INCLUDE_SOURCE;
				MTL_FAST_MATH = YES;
				ONLY_ACTIVE_ARCH = YES;
				SDKROOT = iphoneos;
				SWIFT_ACTIVE_COMPILATION_CONDITIONS = DEBUG;
				SWIFT_OPTIMIZATION_LEVEL = "-Onone";
			};
			name = Debug;
		};
		B0A90A5A2684DB210001BBE8 /* Release */ = {
			isa = XCBuildConfiguration;
			buildSettings = {
				ALWAYS_SEARCH_USER_PATHS = NO;
				CLANG_ANALYZER_NONNULL = YES;
				CLANG_ANALYZER_NUMBER_OBJECT_CONVERSION = YES_AGGRESSIVE;
				CLANG_CXX_LANGUAGE_STANDARD = "gnu++14";
				CLANG_CXX_LIBRARY = "libc++";
				CLANG_ENABLE_MODULES = YES;
				CLANG_ENABLE_OBJC_ARC = YES;
				CLANG_ENABLE_OBJC_WEAK = YES;
				CLANG_WARN_BLOCK_CAPTURE_AUTORELEASING = YES;
				CLANG_WARN_BOOL_CONVERSION = YES;
				CLANG_WARN_COMMA = YES;
				CLANG_WARN_CONSTANT_CONVERSION = YES;
				CLANG_WARN_DEPRECATED_OBJC_IMPLEMENTATIONS = YES;
				CLANG_WARN_DIRECT_OBJC_ISA_USAGE = YES_ERROR;
				CLANG_WARN_DOCUMENTATION_COMMENTS = YES;
				CLANG_WARN_EMPTY_BODY = YES;
				CLANG_WARN_ENUM_CONVERSION = YES;
				CLANG_WARN_INFINITE_RECURSION = YES;
				CLANG_WARN_INT_CONVERSION = YES;
				CLANG_WARN_NON_LITERAL_NULL_CONVERSION = YES;
				CLANG_WARN_OBJC_IMPLICIT_RETAIN_SELF = YES;
				CLANG_WARN_OBJC_LITERAL_CONVERSION = YES;
				CLANG_WARN_OBJC_ROOT_CLASS = YES_ERROR;
				CLANG_WARN_QUOTED_INCLUDE_IN_FRAMEWORK_HEADER = YES;
				CLANG_WARN_RANGE_LOOP_ANALYSIS = YES;
				CLANG_WARN_STRICT_PROTOTYPES = YES;
				CLANG_WARN_SUSPICIOUS_MOVE = YES;
				CLANG_WARN_UNGUARDED_AVAILABILITY = YES_AGGRESSIVE;
				CLANG_WARN_UNREACHABLE_CODE = YES;
				CLANG_WARN__DUPLICATE_METHOD_MATCH = YES;
				COPY_PHASE_STRIP = NO;
				DEBUG_INFORMATION_FORMAT = "dwarf-with-dsym";
				ENABLE_NS_ASSERTIONS = NO;
				ENABLE_STRICT_OBJC_MSGSEND = YES;
				GCC_C_LANGUAGE_STANDARD = gnu11;
				GCC_NO_COMMON_BLOCKS = YES;
				GCC_WARN_64_TO_32_BIT_CONVERSION = YES;
				GCC_WARN_ABOUT_RETURN_TYPE = YES_ERROR;
				GCC_WARN_UNDECLARED_SELECTOR = YES;
				GCC_WARN_UNINITIALIZED_AUTOS = YES_AGGRESSIVE;
				GCC_WARN_UNUSED_FUNCTION = YES;
				GCC_WARN_UNUSED_VARIABLE = YES;
				IPHONEOS_DEPLOYMENT_TARGET = 14.5;
				MTL_ENABLE_DEBUG_INFO = NO;
				MTL_FAST_MATH = YES;
				SDKROOT = iphoneos;
				SWIFT_COMPILATION_MODE = wholemodule;
				SWIFT_OPTIMIZATION_LEVEL = "-O";
				VALIDATE_PRODUCT = YES;
			};
			name = Release;
		};
		B0A90A5C2684DB210001BBE8 /* Debug */ = {
			isa = XCBuildConfiguration;
			buildSettings = {
				ASSETCATALOG_COMPILER_APPICON_NAME = AppIcon;
				ASSETCATALOG_COMPILER_GLOBAL_ACCENT_COLOR_NAME = AccentColor;
				CODE_SIGN_STYLE = Automatic;
				DEVELOPMENT_TEAM = 3W722UE7AL;
				INFOPLIST_FILE = DesignPatterns/Info.plist;
				LD_RUNPATH_SEARCH_PATHS = (
					"$(inherited)",
					"@executable_path/Frameworks",
				);
				PRODUCT_BUNDLE_IDENTIFIER = com.ta9yamakawa.DesignPatterns;
				PRODUCT_NAME = "$(TARGET_NAME)";
				SWIFT_VERSION = 5.0;
				TARGETED_DEVICE_FAMILY = "1,2";
			};
			name = Debug;
		};
		B0A90A5D2684DB210001BBE8 /* Release */ = {
			isa = XCBuildConfiguration;
			buildSettings = {
				ASSETCATALOG_COMPILER_APPICON_NAME = AppIcon;
				ASSETCATALOG_COMPILER_GLOBAL_ACCENT_COLOR_NAME = AccentColor;
				CODE_SIGN_STYLE = Automatic;
				DEVELOPMENT_TEAM = 3W722UE7AL;
				INFOPLIST_FILE = DesignPatterns/Info.plist;
				LD_RUNPATH_SEARCH_PATHS = (
					"$(inherited)",
					"@executable_path/Frameworks",
				);
				PRODUCT_BUNDLE_IDENTIFIER = com.ta9yamakawa.DesignPatterns;
				PRODUCT_NAME = "$(TARGET_NAME)";
				SWIFT_VERSION = 5.0;
				TARGETED_DEVICE_FAMILY = "1,2";
			};
			name = Release;
		};
		B0A90A5F2684DB210001BBE8 /* Debug */ = {
			isa = XCBuildConfiguration;
			buildSettings = {
				ALWAYS_EMBED_SWIFT_STANDARD_LIBRARIES = YES;
				BUNDLE_LOADER = "$(TEST_HOST)";
				CODE_SIGN_STYLE = Automatic;
				DEVELOPMENT_TEAM = 3W722UE7AL;
				INFOPLIST_FILE = DesignPatternsTests/Info.plist;
				IPHONEOS_DEPLOYMENT_TARGET = 14.5;
				LD_RUNPATH_SEARCH_PATHS = (
					"$(inherited)",
					"@executable_path/Frameworks",
					"@loader_path/Frameworks",
				);
				PRODUCT_BUNDLE_IDENTIFIER = com.ta9yamakawa.DesignPatternsTests;
				PRODUCT_NAME = "$(TARGET_NAME)";
				SWIFT_VERSION = 5.0;
				TARGETED_DEVICE_FAMILY = "1,2";
				TEST_HOST = "$(BUILT_PRODUCTS_DIR)/DesignPatterns.app/DesignPatterns";
			};
			name = Debug;
		};
		B0A90A602684DB210001BBE8 /* Release */ = {
			isa = XCBuildConfiguration;
			buildSettings = {
				ALWAYS_EMBED_SWIFT_STANDARD_LIBRARIES = YES;
				BUNDLE_LOADER = "$(TEST_HOST)";
				CODE_SIGN_STYLE = Automatic;
				DEVELOPMENT_TEAM = 3W722UE7AL;
				INFOPLIST_FILE = DesignPatternsTests/Info.plist;
				IPHONEOS_DEPLOYMENT_TARGET = 14.5;
				LD_RUNPATH_SEARCH_PATHS = (
					"$(inherited)",
					"@executable_path/Frameworks",
					"@loader_path/Frameworks",
				);
				PRODUCT_BUNDLE_IDENTIFIER = com.ta9yamakawa.DesignPatternsTests;
				PRODUCT_NAME = "$(TARGET_NAME)";
				SWIFT_VERSION = 5.0;
				TARGETED_DEVICE_FAMILY = "1,2";
				TEST_HOST = "$(BUILT_PRODUCTS_DIR)/DesignPatterns.app/DesignPatterns";
			};
			name = Release;
		};
		B0A90A622684DB210001BBE8 /* Debug */ = {
			isa = XCBuildConfiguration;
			buildSettings = {
				ALWAYS_EMBED_SWIFT_STANDARD_LIBRARIES = YES;
				CODE_SIGN_STYLE = Automatic;
				DEVELOPMENT_TEAM = 3W722UE7AL;
				INFOPLIST_FILE = DesignPatternsUITests/Info.plist;
				LD_RUNPATH_SEARCH_PATHS = (
					"$(inherited)",
					"@executable_path/Frameworks",
					"@loader_path/Frameworks",
				);
				PRODUCT_BUNDLE_IDENTIFIER = com.ta9yamakawa.DesignPatternsUITests;
				PRODUCT_NAME = "$(TARGET_NAME)";
				SWIFT_VERSION = 5.0;
				TARGETED_DEVICE_FAMILY = "1,2";
				TEST_TARGET_NAME = DesignPatterns;
			};
			name = Debug;
		};
		B0A90A632684DB210001BBE8 /* Release */ = {
			isa = XCBuildConfiguration;
			buildSettings = {
				ALWAYS_EMBED_SWIFT_STANDARD_LIBRARIES = YES;
				CODE_SIGN_STYLE = Automatic;
				DEVELOPMENT_TEAM = 3W722UE7AL;
				INFOPLIST_FILE = DesignPatternsUITests/Info.plist;
				LD_RUNPATH_SEARCH_PATHS = (
					"$(inherited)",
					"@executable_path/Frameworks",
					"@loader_path/Frameworks",
				);
				PRODUCT_BUNDLE_IDENTIFIER = com.ta9yamakawa.DesignPatternsUITests;
				PRODUCT_NAME = "$(TARGET_NAME)";
				SWIFT_VERSION = 5.0;
				TARGETED_DEVICE_FAMILY = "1,2";
				TEST_TARGET_NAME = DesignPatterns;
			};
			name = Release;
		};
/* End XCBuildConfiguration section */

/* Begin XCConfigurationList section */
		B0A90A2C2684DB1E0001BBE8 /* Build configuration list for PBXProject "DesignPatterns" */ = {
			isa = XCConfigurationList;
			buildConfigurations = (
				B0A90A592684DB210001BBE8 /* Debug */,
				B0A90A5A2684DB210001BBE8 /* Release */,
			);
			defaultConfigurationIsVisible = 0;
			defaultConfigurationName = Release;
		};
		B0A90A5B2684DB210001BBE8 /* Build configuration list for PBXNativeTarget "DesignPatterns" */ = {
			isa = XCConfigurationList;
			buildConfigurations = (
				B0A90A5C2684DB210001BBE8 /* Debug */,
				B0A90A5D2684DB210001BBE8 /* Release */,
			);
			defaultConfigurationIsVisible = 0;
			defaultConfigurationName = Release;
		};
		B0A90A5E2684DB210001BBE8 /* Build configuration list for PBXNativeTarget "DesignPatternsTests" */ = {
			isa = XCConfigurationList;
			buildConfigurations = (
				B0A90A5F2684DB210001BBE8 /* Debug */,
				B0A90A602684DB210001BBE8 /* Release */,
			);
			defaultConfigurationIsVisible = 0;
			defaultConfigurationName = Release;
		};
		B0A90A612684DB210001BBE8 /* Build configuration list for PBXNativeTarget "DesignPatternsUITests" */ = {
			isa = XCConfigurationList;
			buildConfigurations = (
				B0A90A622684DB210001BBE8 /* Debug */,
				B0A90A632684DB210001BBE8 /* Release */,
			);
			defaultConfigurationIsVisible = 0;
			defaultConfigurationName = Release;
		};
/* End XCConfigurationList section */
	};
	rootObject = B0A90A292684DB1E0001BBE8 /* Project object */;
}
